
Microsoft Visual Studio Solution File, Format Version 12.00
# Visual Studio Version 16
VisualStudioVersion = 16.0.30114.105
MinimumVisualStudioVersion = 10.0.40219.1
Project("{FAE04EC0-301F-11D3-BF4B-00C04F79EFBC}") = "HospedajePreCheckIn", "HospedajePreCheckIn.csproj", "{3ABE9D56-383D-48EF-9EAB-994CDA5DB05F}"
EndProject
Project("{FAE04EC0-301F-11D3-BF4B-00C04F79EFBC}") = "PuntoVentaTT", "..\PuntoVentaTT\PuntoVentaTT.csproj", "{4D2F6E5C-EABE-436B-AB9E-BBC1BF22EAD0}"
EndProject
Project("{FAE04EC0-301F-11D3-BF4B-00C04F79EFBC}") = "Ctamea_vivienda", "..\Ctamea_vivienda\Ctamea_vivienda.csproj", "{0B39FC18-1C5C-4B41-A116-BD4513B7C0C4}"
EndProject
Project("{FAE04EC0-301F-11D3-BF4B-00C04F79EFBC}") = "CtaMae_Empleado", "..\CtaMae_Empleado\CtaMae_Empleado.csproj", "{B2877FA0-6E94-4A4D-B346-BE611F58155D}"
EndProject
Global
	GlobalSection(SolutionConfigurationPlatforms) = preSolution
		Debug|Any CPU = Debug|Any CPU
		Release|Any CPU = Release|Any CPU
	EndGlobalSection
	GlobalSection(ProjectConfigurationPlatforms) = postSolution
		{3ABE9D56-383D-48EF-9EAB-994CDA5DB05F}.Debug|Any CPU.ActiveCfg = Debug|Any CPU
		{3ABE9D56-383D-48EF-9EAB-994CDA5DB05F}.Debug|Any CPU.Build.0 = Debug|Any CPU
		{3ABE9D56-383D-48EF-9EAB-994CDA5DB05F}.Release|Any CPU.ActiveCfg = Release|Any CPU
		{3ABE9D56-383D-48EF-9EAB-994CDA5DB05F}.Release|Any CPU.Build.0 = Release|Any CPU
		{4D2F6E5C-EABE-436B-AB9E-BBC1BF22EAD0}.Debug|Any CPU.ActiveCfg = Debug|Any CPU
		{4D2F6E5C-EABE-436B-AB9E-BBC1BF22EAD0}.Debug|Any CPU.Build.0 = Debug|Any CPU
		{4D2F6E5C-EABE-436B-AB9E-BBC1BF22EAD0}.Release|Any CPU.ActiveCfg = Release|Any CPU
		{4D2F6E5C-EABE-436B-AB9E-BBC1BF22EAD0}.Release|Any CPU.Build.0 = Release|Any CPU
		{0B39FC18-1C5C-4B41-A116-BD4513B7C0C4}.Debug|Any CPU.ActiveCfg = Debug|Any CPU
		{0B39FC18-1C5C-4B41-A116-BD4513B7C0C4}.Debug|Any CPU.Build.0 = Debug|Any CPU
		{0B39FC18-1C5C-4B41-A116-BD4513B7C0C4}.Release|Any CPU.ActiveCfg = Release|Any CPU
		{0B39FC18-1C5C-4B41-A116-BD4513B7C0C4}.Release|Any CPU.Build.0 = Release|Any CPU
		{B2877FA0-6E94-4A4D-B346-BE611F58155D}.Debug|Any CPU.ActiveCfg = Debug|Any CPU
		{B2877FA0-6E94-4A4D-B346-BE611F58155D}.Debug|Any CPU.Build.0 = Debug|Any CPU
		{B2877FA0-6E94-4A4D-B346-BE611F58155D}.Release|Any CPU.ActiveCfg = Release|Any CPU
		{B2877FA0-6E94-4A4D-B346-BE611F58155D}.Release|Any CPU.Build.0 = Release|Any CPU
	EndGlobalSection
	GlobalSection(SolutionProperties) = preSolution
		HideSolutionNode = FALSE
	EndGlobalSection
	GlobalSection(ExtensibilityGlobals) = postSolution
		SolutionGuid = {CA193072-3F92-4B48-8D06-37B94E36D35A}
	EndGlobalSection
EndGlobal
