
Microsoft Visual Studio Solution File, Format Version 12.00
# Visual Studio Version 16
VisualStudioVersion = 16.0.29306.81
MinimumVisualStudioVersion = 10.0.40219.1
Project("{FAE04EC0-301F-11D3-BF4B-00C04F79EFBC}") = "Ctamea_vivienda", "Ctamea_vivienda.csproj", "{0B39FC18-1C5C-4B41-A116-BD4513B7C0C4}"
EndProject
Project("{FAE04EC0-301F-11D3-BF4B-00C04F79EFBC}") = "CtaMae_Empleado", "..\CtaMae_Empleado\CtaMae_Empleado.csproj", "{B2877FA0-6E94-4A4D-B346-BE611F58155D}"
EndProject
Project("{FAE04EC0-301F-11D3-BF4B-00C04F79EFBC}") = "CtAcceso", "..\CtAcceso\CtAcceso.csproj", "{6AC6B0BB-E208-487C-B2D0-C98EBEBA30EB}"
EndProject
Project("{FAE04EC0-301F-11D3-BF4B-00C04F79EFBC}") = "NotasEmpleados", "..\NotasEmpleados\NotasEmpleados.csproj", "{1F1D2602-F82D-4F13-9E28-A1BECF81C888}"
EndProject
Project("{FAE04EC0-301F-11D3-BF4B-00C04F79EFBC}") = "HospedajePreCheckIn", "..\HospedajePreCheckIn\HospedajePreCheckIn.csproj", "{3ABE9D56-383D-48EF-9EAB-994CDA5DB05F}"
EndProject
Project("{FAE04EC0-301F-11D3-BF4B-00C04F79EFBC}") = "Gallery", "..\Gallery\Gallery.csproj", "{2582D2F0-8679-41BB-ADE4-1BF015AA24C3}"
EndProject
Global
	GlobalSection(SolutionConfigurationPlatforms) = preSolution
		Debug|Any CPU = Debug|Any CPU
		Release|Any CPU = Release|Any CPU
	EndGlobalSection
	GlobalSection(ProjectConfigurationPlatforms) = postSolution
		{0B39FC18-1C5C-4B41-A116-BD4513B7C0C4}.Debug|Any CPU.ActiveCfg = Debug|Any CPU
		{0B39FC18-1C5C-4B41-A116-BD4513B7C0C4}.Debug|Any CPU.Build.0 = Debug|Any CPU
		{0B39FC18-1C5C-4B41-A116-BD4513B7C0C4}.Release|Any CPU.ActiveCfg = Release|Any CPU
		{0B39FC18-1C5C-4B41-A116-BD4513B7C0C4}.Release|Any CPU.Build.0 = Release|Any CPU
		{B2877FA0-6E94-4A4D-B346-BE611F58155D}.Debug|Any CPU.ActiveCfg = Debug|Any CPU
		{B2877FA0-6E94-4A4D-B346-BE611F58155D}.Debug|Any CPU.Build.0 = Debug|Any CPU
		{B2877FA0-6E94-4A4D-B346-BE611F58155D}.Release|Any CPU.ActiveCfg = Release|Any CPU
		{B2877FA0-6E94-4A4D-B346-BE611F58155D}.Release|Any CPU.Build.0 = Release|Any CPU
		{6AC6B0BB-E208-487C-B2D0-C98EBEBA30EB}.Debug|Any CPU.ActiveCfg = Debug|Any CPU
		{6AC6B0BB-E208-487C-B2D0-C98EBEBA30EB}.Debug|Any CPU.Build.0 = Debug|Any CPU
		{6AC6B0BB-E208-487C-B2D0-C98EBEBA30EB}.Release|Any CPU.ActiveCfg = Release|Any CPU
		{6AC6B0BB-E208-487C-B2D0-C98EBEBA30EB}.Release|Any CPU.Build.0 = Release|Any CPU
		{1F1D2602-F82D-4F13-9E28-A1BECF81C888}.Debug|Any CPU.ActiveCfg = Debug|Any CPU
		{1F1D2602-F82D-4F13-9E28-A1BECF81C888}.Debug|Any CPU.Build.0 = Debug|Any CPU
		{1F1D2602-F82D-4F13-9E28-A1BECF81C888}.Release|Any CPU.ActiveCfg = Release|Any CPU
		{1F1D2602-F82D-4F13-9E28-A1BECF81C888}.Release|Any CPU.Build.0 = Release|Any CPU
		{3ABE9D56-383D-48EF-9EAB-994CDA5DB05F}.Debug|Any CPU.ActiveCfg = Debug|Any CPU
		{3ABE9D56-383D-48EF-9EAB-994CDA5DB05F}.Debug|Any CPU.Build.0 = Debug|Any CPU
		{3ABE9D56-383D-48EF-9EAB-994CDA5DB05F}.Release|Any CPU.ActiveCfg = Release|Any CPU
		{3ABE9D56-383D-48EF-9EAB-994CDA5DB05F}.Release|Any CPU.Build.0 = Release|Any CPU
		{2582D2F0-8679-41BB-ADE4-1BF015AA24C3}.Debug|Any CPU.ActiveCfg = Debug|Any CPU
		{2582D2F0-8679-41BB-ADE4-1BF015AA24C3}.Debug|Any CPU.Build.0 = Debug|Any CPU
		{2582D2F0-8679-41BB-ADE4-1BF015AA24C3}.Release|Any CPU.ActiveCfg = Release|Any CPU
		{2582D2F0-8679-41BB-ADE4-1BF015AA24C3}.Release|Any CPU.Build.0 = Release|Any CPU
	EndGlobalSection
	GlobalSection(SolutionProperties) = preSolution
		HideSolutionNode = FALSE
	EndGlobalSection
	GlobalSection(ExtensibilityGlobals) = postSolution
		SolutionGuid = {CCCB65B6-FFE3-4036-BAD0-5D1E9409BC2B}
	EndGlobalSection
EndGlobal
